PODS:
  - DSLibCore (1.2.0):
    - DSLibCore/Core (= 1.2.0)
    - DSLibCore/no-arc (= 1.2.0)
  - DSLibCore/Core (1.2.0):
    - DSLibCore/no-arc
  - DSLibCore/no-arc (1.2.0)

DEPENDENCIES:
  - DSLibCore (from `../`)

EXTERNAL SOURCES:
  DSLibCore:
    :path: "../"

SPEC CHECKSUMS:
  DSLibCore: c12b0f655488b073cedb3bcc5361e1a2e3fbaf14

PODFILE CHECKSUM: 95070a380a17ee403165e6030929287bcc3f55b5

COCOAPODS: 1.0.0.beta.8
