PODS:
  - DSLibCore (1.2.0):
    - DSLibCore/Core (= 1.2.0)
    - DSLibCore/no-arc (= 1.2.0)
  - DSLibCore/Core (1.2.0):
    - DSLibCore/no-arc
  - DSLibCore/no-arc (1.2.0)
  - Expecta (1.0.0)
  - Specta (1.0.2)

DEPENDENCIES:
  - DSLibCore (from `../`)
  - Expecta
  - Specta

EXTERNAL SOURCES:
  DSLibCore:
    :path: ../

SPEC CHECKSUMS:
  DSLibCore: d6c6bebd7466aab57efd0fe1d2732e9eafc46e67
  Expecta: 32604574add2c46a36f8d2f716b6c5736eb75024
  Specta: 9cec98310dca411f7c7ffd6943552b501622abfe

COCOAPODS: 0.37.2
